lockVersion: 2.0.0
id: 0dc451f6-fbec-4e5f-8452-1018f51fe1b3
management:
  docChecksum: 69546526e9c3f7c5bd11438ae3e1bda0
  docVersion: 1.0.0
  speakeasyVersion: 1.207.1
  generationVersion: 2.280.6
  releaseVersion: 3.3.1
  configChecksum: f79e1b8688ba77693ce796510ad57573
  repoURL: https://github.com/speakeasy-sdks/zd-zis-registry-test.git
  repoSubDirectory: .
  installationURL: https://github.com/speakeasy-sdks/zd-zis-registry-test
  published: true
features:
  go:
    core: 3.4.4
    globalSecurity: 2.82.8
    globalServerURLs: 2.82.2
    methodSecurity: 2.82.2
    responseFormat: 0.1.0
generatedFiles:
  - apigreaterthanservicesgreaterthanzisgreaterthanregistrygreaterthanjobspecsgreaterthaninstall.go
  - apigreaterthanservicesgreaterthanzisgreaterthanregistrygreaterthanintegration.go
  - apigreaterthanservicesgreaterthanzisgreaterthanregistrygreaterthanintegrationgreaterthanbundles.go
  - zendeskzisregistry.go
  - go.mod
  - pkg/models/sdkerrors/sdkerror.go
  - pkg/types/bigint.go
  - pkg/types/date.go
  - pkg/types/datetime.go
  - pkg/types/decimal.go
  - pkg/types/pointers.go
  - pkg/utils/contenttype.go
  - pkg/utils/form.go
  - pkg/utils/headers.go
  - pkg/utils/json.go
  - pkg/utils/pathparams.go
  - pkg/utils/queryparams.go
  - pkg/utils/requestbody.go
  - pkg/utils/retries.go
  - pkg/utils/security.go
  - pkg/utils/utils.go
  - /pkg/models/operations/deleteapiserviceszisregistryjobspecsinstall.go
  - /pkg/models/operations/postapiserviceszisregistryjobspecsinstall.go
  - /pkg/models/operations/postapiserviceszisregistryintegration.go
  - /pkg/models/operations/postapiserviceszisregistryintegrationbundles.go
  - /pkg/models/sdkerrors/deleteapiserviceszisregistryjobspecsinstall.go
  - /pkg/models/sdkerrors/postapiserviceszisregistryjobspecsinstall.go
  - /pkg/models/sdkerrors/postapiserviceszisregistryintegration.go
  - /pkg/models/sdkerrors/postapiserviceszisregistryintegrationbundles.go
  - /pkg/models/shared/security.go
  - docs/pkg/models/operations/deleteapiserviceszisregistryjobspecsinstallrequest.md
  - docs/pkg/models/operations/deleteapiserviceszisregistryjobspecsinstallresponse.md
  - docs/pkg/models/operations/postapiserviceszisregistryjobspecsinstallrequest.md
  - docs/pkg/models/operations/postapiserviceszisregistryjobspecsinstallresponse.md
  - docs/pkg/models/operations/postapiserviceszisregistryintegrationsecurity.md
  - docs/pkg/models/operations/postapiserviceszisregistryintegrationrequestbody.md
  - docs/pkg/models/operations/postapiserviceszisregistryintegrationrequest.md
  - docs/pkg/models/operations/postapiserviceszisregistryintegrationresponsebody.md
  - docs/pkg/models/operations/postapiserviceszisregistryintegrationresponse.md
  - docs/pkg/models/operations/postapiserviceszisregistryintegrationbundlessecurity.md
  - docs/pkg/models/operations/postapiserviceszisregistryintegrationbundlesrequestbody.md
  - docs/pkg/models/operations/postapiserviceszisregistryintegrationbundlesrequest.md
  - docs/pkg/models/operations/postapiserviceszisregistryintegrationbundlesresponse.md
  - docs/pkg/models/sdkerrors/deleteapiserviceszisregistryjobspecsinstallapigreaterthanservicesgreaterthanzisgreaterthanregistrygreaterthanjobspecsgreaterthaninstallresponse500responsebody.md
  - docs/pkg/models/sdkerrors/deleteapiserviceszisregistryjobspecsinstallapigreaterthanservicesgreaterthanzisgreaterthanregistrygreaterthanjobspecsgreaterthaninstallresponseresponsebody.md
  - docs/pkg/models/sdkerrors/deleteapiserviceszisregistryjobspecsinstallapigreaterthanservicesgreaterthanzisgreaterthanregistrygreaterthanjobspecsgreaterthaninstallresponsebody.md
  - docs/pkg/models/sdkerrors/deleteapiserviceszisregistryjobspecsinstallresponsebody.md
  - docs/pkg/models/sdkerrors/postapiserviceszisregistryjobspecsinstallapigreaterthanservicesgreaterthanzisgreaterthanregistrygreaterthanjobspecsgreaterthaninstallresponseresponsebody.md
  - docs/pkg/models/sdkerrors/postapiserviceszisregistryjobspecsinstallapigreaterthanservicesgreaterthanzisgreaterthanregistrygreaterthanjobspecsgreaterthaninstallresponsebody.md
  - docs/pkg/models/sdkerrors/postapiserviceszisregistryjobspecsinstallresponsebody.md
  - docs/pkg/models/sdkerrors/postapiserviceszisregistryintegrationapigreaterthanservicesgreaterthanzisgreaterthanregistrygreaterthanintegrationresponseresponsebody.md
  - docs/pkg/models/sdkerrors/postapiserviceszisregistryintegrationapigreaterthanservicesgreaterthanzisgreaterthanregistrygreaterthanintegrationresponsebody.md
  - docs/pkg/models/sdkerrors/postapiserviceszisregistryintegrationresponsebody.md
  - docs/pkg/models/sdkerrors/postapiserviceszisregistryintegrationbundlesapigreaterthanservicesgreaterthanzisgreaterthanregistrygreaterthanintegrationgreaterthanbundlesresponseresponsebody.md
  - docs/pkg/models/sdkerrors/postapiserviceszisregistryintegrationbundlesapigreaterthanservicesgreaterthanzisgreaterthanregistrygreaterthanintegrationgreaterthanbundlesresponsebody.md
  - docs/pkg/models/sdkerrors/postapiserviceszisregistryintegrationbundlesresponsebody.md
  - docs/pkg/models/shared/security.md
  - docs/sdks/zendeskzisregistry/README.md
  - docs/sdks/apigreaterthanservicesgreaterthanzisgreaterthanregistrygreaterthanjobspecsgreaterthaninstall/README.md
  - docs/sdks/apigreaterthanservicesgreaterthanzisgreaterthanregistrygreaterthanintegration/README.md
  - docs/sdks/apigreaterthanservicesgreaterthanzisgreaterthanregistrygreaterthanintegrationgreaterthanbundles/README.md
  - USAGE.md
  - pkg/models/operations/options.go
  - .gitattributes
  - internal/hooks/hooks.go
